
Microsoft Visual Studio Solution File, Format Version 12.00
# Visual Studio Version 17
VisualStudioVersion = 17.0.32014.148
MinimumVisualStudioVersion = 10.0.40219.1
Project("{FAE04EC0-301F-11D3-BF4B-00C04F79EFBC}") = "BaseApi", "BaseApi\BaseApi.csproj", "{AFF6E712-AD18-4079-9B75-833572E7714E}"
EndProject
Project("{FAE04EC0-301F-11D3-BF4B-00C04F79EFBC}") = "UpService", "UpService\UpService.csproj", "{49E9D631-CAAF-4305-87D8-4904933FB4CB}"
EndProject
Global
	GlobalSection(SolutionConfigurationPlatforms) = preSolution
		Debug|Any CPU = Debug|Any CPU
		Release|Any CPU = Release|Any CPU
	EndGlobalSection
	GlobalSection(ProjectConfigurationPlatforms) = postSolution
		{AFF6E712-AD18-4079-9B75-833572E7714E}.Debug|Any CPU.ActiveCfg = Debug|Any CPU
		{AFF6E712-AD18-4079-9B75-833572E7714E}.Debug|Any CPU.Build.0 = Debug|Any CPU
		{AFF6E712-AD18-4079-9B75-833572E7714E}.Release|Any CPU.ActiveCfg = Release|Any CPU
		{AFF6E712-AD18-4079-9B75-833572E7714E}.Release|Any CPU.Build.0 = Release|Any CPU
		{49E9D631-CAAF-4305-87D8-4904933FB4CB}.Debug|Any CPU.ActiveCfg = Debug|Any CPU
		{49E9D631-CAAF-4305-87D8-4904933FB4CB}.Debug|Any CPU.Build.0 = Debug|Any CPU
		{49E9D631-CAAF-4305-87D8-4904933FB4CB}.Release|Any CPU.ActiveCfg = Release|Any CPU
		{49E9D631-CAAF-4305-87D8-4904933FB4CB}.Release|Any CPU.Build.0 = Release|Any CPU
	EndGlobalSection
	GlobalSection(SolutionProperties) = preSolution
		HideSolutionNode = FALSE
	EndGlobalSection
	GlobalSection(ExtensibilityGlobals) = postSolution
		SolutionGuid = {273199A7-46BF-4CB7-9241-52C4ED82D7FD}
	EndGlobalSection
EndGlobal
